// !$*UTF8*$!
{
	archiveVersion = 1;
	classes = {
	};
	objectVersion = 50;
	objects = {

/* Begin PBXBuildFile section */
		D4A925E52634B4B3008E5960 /* AppDelegate.swift in Sources */ = {isa = PBXBuildFile; fileRef = D4A925E42634B4B3008E5960 /* AppDelegate.swift */; };
		D4A925E72634B4B3008E5960 /* SceneDelegate.swift in Sources */ = {isa = PBXBuildFile; fileRef = D4A925E62634B4B3008E5960 /* SceneDelegate.swift */; };
		D4A925E92634B4B3008E5960 /* ViewController.swift in Sources */ = {isa = PBXBuildFile; fileRef = D4A925E82634B4B3008E5960 /* ViewController.swift */; };
		D4A925EC2634B4B3008E5960 /* Main.storyboard in Resources */ = {isa = PBXBuildFile; fileRef = D4A925EA2634B4B3008E5960 /* Main.storyboard */; };
		D4A925EE2634B4B3008E5960 /* Assets.xcassets in Resources */ = {isa = PBXBuildFile; fileRef = D4A925ED2634B4B3008E5960 /* Assets.xcassets */; };
		D4A925F12634B4B3008E5960 /* LaunchScreen.storyboard in Resources */ = {isa = PBXBuildFile; fileRef = D4A925EF2634B4B3008E5960 /* LaunchScreen.storyboard */; };
		D4A925FA2634B6F5008E5960 /* SideMenuView.xib in Resources */ = {isa = PBXBuildFile; fileRef = D4A925F92634B6F5008E5960 /* SideMenuView.xib */; };
		D4FD9B612635778A00333402 /* UIViewController+UIAlertVC.swift in Sources */ = {isa = PBXBuildFile; fileRef = D4FD9B602635778A00333402 /* UIViewController+UIAlertVC.swift */; };
/* End PBXBuildFile section */

/* Begin PBXFileReference section */
		D4A925E12634B4B3008E5960 /* Side menu.app */ = {isa = PBXFileReference; explicitFileType = wrapper.application; includeInIndex = 0; path = "Side menu.app"; sourceTree = BUILT_PRODUCTS_DIR; };
		D4A925E42634B4B3008E5960 /* AppDelegate.swift */ = {isa = PBXFileReference; lastKnownFileType = sourcecode.swift; path = AppDelegate.swift; sourceTree = "<group>"; };
		D4A925E62634B4B3008E5960 /* SceneDelegate.swift */ = {isa = PBXFileReference; lastKnownFileType = sourcecode.swift; path = SceneDelegate.swift; sourceTree = "<group>"; };
		D4A925E82634B4B3008E5960 /* ViewController.swift */ = {isa = PBXFileReference; lastKnownFileType = sourcecode.swift; path = ViewController.swift; sourceTree = "<group>"; };
		D4A925EB2634B4B3008E5960 /* Base */ = {isa = PBXFileReference; lastKnownFileType = file.storyboard; name = Base; path = Base.lproj/Main.storyboard; sourceTree = "<group>"; };
		D4A925ED2634B4B3008E5960 /* Assets.xcassets */ = {isa = PBXFileReference; lastKnownFileType = folder.assetcatalog; path = Assets.xcassets; sourceTree = "<group>"; };
		D4A925F02634B4B3008E5960 /* Base */ = {isa = PBXFileReference; lastKnownFileType = file.storyboard; name = Base; path = Base.lproj/LaunchScreen.storyboard; sourceTree = "<group>"; };
		D4A925F22634B4B3008E5960 /* Info.plist */ = {isa = PBXFileReference; lastKnownFileType = text.plist.xml; path = Info.plist; sourceTree = "<group>"; };
		D4A925F92634B6F5008E5960 /* SideMenuView.xib */ = {isa = PBXFileReference; lastKnownFileType = file.xib; path = SideMenuView.xib; sourceTree = "<group>"; };
		D4FD9B602635778A00333402 /* UIViewController+UIAlertVC.swift */ = {isa = PBXFileReference; lastKnownFileType = sourcecode.swift; path = "UIViewController+UIAlertVC.swift"; sourceTree = "<group>"; };
/* End PBXFileReference section */

/* Begin PBXFrameworksBuildPhase section */
		D4A925DE2634B4B3008E5960 /* Frameworks */ = {
			isa = PBXFrameworksBuildPhase;
			buildActionMask = 2147483647;
			files = (
			);
			runOnlyForDeploymentPostprocessing = 0;
		};
/* End PBXFrameworksBuildPhase section */

/* Begin PBXGroup section */
		D4A925D82634B4B3008E5960 = {
			isa = PBXGroup;
			children = (
				D4A925E32634B4B3008E5960 /* Side menu */,
				D4A925E22634B4B3008E5960 /* Products */,
			);
			sourceTree = "<group>";
		};
		D4A925E22634B4B3008E5960 /* Products */ = {
			isa = PBXGroup;
			children = (
				D4A925E12634B4B3008E5960 /* Side menu.app */,
			);
			name = Products;
			sourceTree = "<group>";
		};
		D4A925E32634B4B3008E5960 /* Side menu */ = {
			isa = PBXGroup;
			children = (
				D4A925E42634B4B3008E5960 /* AppDelegate.swift */,
				D4A925E62634B4B3008E5960 /* SceneDelegate.swift */,
				D4A925E82634B4B3008E5960 /* ViewController.swift */,
				D4FD9B602635778A00333402 /* UIViewController+UIAlertVC.swift */,
				D4A925EA2634B4B3008E5960 /* Main.storyboard */,
				D4A925F92634B6F5008E5960 /* SideMenuView.xib */,
				D4A925ED2634B4B3008E5960 /* Assets.xcassets */,
				D4A925EF2634B4B3008E5960 /* LaunchScreen.storyboard */,
				D4A925F22634B4B3008E5960 /* Info.plist */,
			);
			path = "Side menu";
			sourceTree = "<group>";
		};
/* End PBXGroup section */

/* Begin PBXNativeTarget section */
		D4A925E02634B4B3008E5960 /* Side menu */ = {
			isa = PBXNativeTarget;
			buildConfigurationList = D4A925F52634B4B3008E5960 /* Build configuration list for PBXNativeTarget "Side menu" */;
			buildPhases = (
				D4A925DD2634B4B3008E5960 /* Sources */,
				D4A925DE2634B4B3008E5960 /* Frameworks */,
				D4A925DF2634B4B3008E5960 /* Resources */,
				D41911422634CE5A007516A1 /* ShellScript */,
			);
			buildRules = (
			);
			dependencies = (
			);
			name = "Side menu";
			productName = "Side menu";
			productReference = D4A925E12634B4B3008E5960 /* Side menu.app */;
			productType = "com.apple.product-type.application";
		};
/* End PBXNativeTarget section */

/* Begin PBXProject section */
		D4A925D92634B4B3008E5960 /* Project object */ = {
			isa = PBXProject;
			attributes = {
				LastSwiftUpdateCheck = 1240;
				LastUpgradeCheck = 1240;
				TargetAttributes = {
					D4A925E02634B4B3008E5960 = {
						CreatedOnToolsVersion = 12.4;
					};
				};
			};
			buildConfigurationList = D4A925DC2634B4B3008E5960 /* Build configuration list for PBXProject "Side menu" */;
			compatibilityVersion = "Xcode 9.3";
			developmentRegion = en;
			hasScannedForEncodings = 0;
			knownRegions = (
				en,
				Base,
			);
			mainGroup = D4A925D82634B4B3008E5960;
			productRefGroup = D4A925E22634B4B3008E5960 /* Products */;
			projectDirPath = "";
			projectRoot = "";
			targets = (
				D4A925E02634B4B3008E5960 /* Side menu */,
			);
		};
/* End PBXProject section */

/* Begin PBXResourcesBuildPhase section */
		D4A925DF2634B4B3008E5960 /* Resources */ = {
			isa = PBXResourcesBuildPhase;
			buildActionMask = 2147483647;
			files = (
				D4A925F12634B4B3008E5960 /* LaunchScreen.storyboard in Resources */,
				D4A925EE2634B4B3008E5960 /* Assets.xcassets in Resources */,
				D4A925FA2634B6F5008E5960 /* SideMenuView.xib in Resources */,
				D4A925EC2634B4B3008E5960 /* Main.storyboard in Resources */,
			);
			runOnlyForDeploymentPostprocessing = 0;
		};
/* End PBXResourcesBuildPhase section */

/* Begin PBXShellScriptBuildPhase section */
		D41911422634CE5A007516A1 /* ShellScript */ = {
			isa = PBXShellScriptBuildPhase;
			buildActionMask = 2147483647;
			files = (
			);
			inputFileListPaths = (
			);
			inputPaths = (
			);
			outputFileListPaths = (
			);
			outputPaths = (
			);
			runOnlyForDeploymentPostprocessing = 0;
			shellPath = /bin/sh;
			shellScript = "if which swiftlint >/dev/null; then\n  swiftlint\nelse\n  echo \"warning: SwiftLint not installed, download from https://github.com/realm/SwiftLint\"\nfi\n";
		};
/* End PBXShellScriptBuildPhase section */

/* Begin PBXSourcesBuildPhase section */
		D4A925DD2634B4B3008E5960 /* Sources */ = {
			isa = PBXSourcesBuildPhase;
			buildActionMask = 2147483647;
			files = (
				D4FD9B612635778A00333402 /* UIViewController+UIAlertVC.swift in Sources */,
				D4A925E92634B4B3008E5960 /* ViewController.swift in Sources */,
				D4A925E52634B4B3008E5960 /* AppDelegate.swift in Sources */,
				D4A925E72634B4B3008E5960 /* SceneDelegate.swift in Sources */,
			);
			runOnlyForDeploymentPostprocessing = 0;
		};
/* End PBXSourcesBuildPhase section */

/* Begin PBXVariantGroup section */
		D4A925EA2634B4B3008E5960 /* Main.storyboard */ = {
			isa = PBXVariantGroup;
			children = (
				D4A925EB2634B4B3008E5960 /* Base */,
			);
			name = Main.storyboard;
			sourceTree = "<group>";
		};
		D4A925EF2634B4B3008E5960 /* LaunchScreen.storyboard */ = {
			isa = PBXVariantGroup;
			children = (
				D4A925F02634B4B3008E5960 /* Base */,
			);
			name = LaunchScreen.storyboard;
			sourceTree = "<group>";
		};
/* End PBXVariantGroup section */

/* Begin XCBuildConfiguration section */
		D4A925F32634B4B3008E5960 /* Debug */ = {
			isa = XCBuildConfiguration;
			buildSettings = {
				ALWAYS_SEARCH_USER_PATHS = NO;
				CLANG_ANALYZER_NONNULL = YES;
				CLANG_ANALYZER_NUMBER_OBJECT_CONVERSION = YES_AGGRESSIVE;
				CLANG_CXX_LANGUAGE_STANDARD = "gnu++14";
				CLANG_CXX_LIBRARY = "libc++";
				CLANG_ENABLE_MODULES = YES;
				CLANG_ENABLE_OBJC_ARC = YES;
				CLANG_ENABLE_OBJC_WEAK = YES;
				CLANG_WARN_BLOCK_CAPTURE_AUTORELEASING = YES;
				CLANG_WARN_BOOL_CONVERSION = YES;
				CLANG_WARN_COMMA = YES;
				CLANG_WARN_CONSTANT_CONVERSION = YES;
				CLANG_WARN_DEPRECATED_OBJC_IMPLEMENTATIONS = YES;
				CLANG_WARN_DIRECT_OBJC_ISA_USAGE = YES_ERROR;
				CLANG_WARN_DOCUMENTATION_COMMENTS = YES;
				CLANG_WARN_EMPTY_BODY = YES;
				CLANG_WARN_ENUM_CONVERSION = YES;
				CLANG_WARN_INFINITE_RECURSION = YES;
				CLANG_WARN_INT_CONVERSION = YES;
				CLANG_WARN_NON_LITERAL_NULL_CONVERSION = YES;
				CLANG_WARN_OBJC_IMPLICIT_RETAIN_SELF = YES;
				CLANG_WARN_OBJC_LITERAL_CONVERSION = YES;
				CLANG_WARN_OBJC_ROOT_CLASS = YES_ERROR;
				CLANG_WARN_QUOTED_INCLUDE_IN_FRAMEWORK_HEADER = YES;
				CLANG_WARN_RANGE_LOOP_ANALYSIS = YES;
				CLANG_WARN_STRICT_PROTOTYPES = YES;
				CLANG_WARN_SUSPICIOUS_MOVE = YES;
				CLANG_WARN_UNGUARDED_AVAILABILITY = YES_AGGRESSIVE;
				CLANG_WARN_UNREACHABLE_CODE = YES;
				CLANG_WARN__DUPLICATE_METHOD_MATCH = YES;
				COPY_PHASE_STRIP = NO;
				DEBUG_INFORMATION_FORMAT = dwarf;
				ENABLE_STRICT_OBJC_MSGSEND = YES;
				ENABLE_TESTABILITY = YES;
				GCC_C_LANGUAGE_STANDARD = gnu11;
				GCC_DYNAMIC_NO_PIC = NO;
				GCC_NO_COMMON_BLOCKS = YES;
				GCC_OPTIMIZATION_LEVEL = 0;
				GCC_PREPROCESSOR_DEFINITIONS = (
					"DEBUG=1",
					"$(inherited)",
				);
				GCC_WARN_64_TO_32_BIT_CONVERSION = YES;
				GCC_WARN_ABOUT_RETURN_TYPE = YES_ERROR;
				GCC_WARN_UNDECLARED_SELECTOR = YES;
				GCC_WARN_UNINITIALIZED_AUTOS = YES_AGGRESSIVE;
				GCC_WARN_UNUSED_FUNCTION = YES;
				GCC_WARN_UNUSED_VARIABLE = YES;
				IPHONEOS_DEPLOYMENT_TARGET = 14.4;
				MTL_ENABLE_DEBUG_INFO = INCLUDE_SOURCE;
				MTL_FAST_MATH = YES;
				ONLY_ACTIVE_ARCH = YES;
				SDKROOT = iphoneos;
				SWIFT_ACTIVE_COMPILATION_CONDITIONS = DEBUG;
				SWIFT_OPTIMIZATION_LEVEL = "-Onone";
			};
			name = Debug;
		};
		D4A925F42634B4B3008E5960 /* Release */ = {
			isa = XCBuildConfiguration;
			buildSettings = {
				ALWAYS_SEARCH_USER_PATHS = NO;
				CLANG_ANALYZER_NONNULL = YES;
				CLANG_ANALYZER_NUMBER_OBJECT_CONVERSION = YES_AGGRESSIVE;
				CLANG_CXX_LANGUAGE_STANDARD = "gnu++14";
				CLANG_CXX_LIBRARY = "libc++";
				CLANG_ENABLE_MODULES = YES;
				CLANG_ENABLE_OBJC_ARC = YES;
				CLANG_ENABLE_OBJC_WEAK = YES;
				CLANG_WARN_BLOCK_CAPTURE_AUTORELEASING = YES;
				CLANG_WARN_BOOL_CONVERSION = YES;
				CLANG_WARN_COMMA = YES;
				CLANG_WARN_CONSTANT_CONVERSION = YES;
				CLANG_WARN_DEPRECATED_OBJC_IMPLEMENTATIONS = YES;
				CLANG_WARN_DIRECT_OBJC_ISA_USAGE = YES_ERROR;
				CLANG_WARN_DOCUMENTATION_COMMENTS = YES;
				CLANG_WARN_EMPTY_BODY = YES;
				CLANG_WARN_ENUM_CONVERSION = YES;
				CLANG_WARN_INFINITE_RECURSION = YES;
				CLANG_WARN_INT_CONVERSION = YES;
				CLANG_WARN_NON_LITERAL_NULL_CONVERSION = YES;
				CLANG_WARN_OBJC_IMPLICIT_RETAIN_SELF = YES;
				CLANG_WARN_OBJC_LITERAL_CONVERSION = YES;
				CLANG_WARN_OBJC_ROOT_CLASS = YES_ERROR;
				CLANG_WARN_QUOTED_INCLUDE_IN_FRAMEWORK_HEADER = YES;
				CLANG_WARN_RANGE_LOOP_ANALYSIS = YES;
				CLANG_WARN_STRICT_PROTOTYPES = YES;
				CLANG_WARN_SUSPICIOUS_MOVE = YES;
				CLANG_WARN_UNGUARDED_AVAILABILITY = YES_AGGRESSIVE;
				CLANG_WARN_UNREACHABLE_CODE = YES;
				CLANG_WARN__DUPLICATE_METHOD_MATCH = YES;
				COPY_PHASE_STRIP = NO;
				DEBUG_INFORMATION_FORMAT = "dwarf-with-dsym";
				ENABLE_NS_ASSERTIONS = NO;
				ENABLE_STRICT_OBJC_MSGSEND = YES;
				GCC_C_LANGUAGE_STANDARD = gnu11;
				GCC_NO_COMMON_BLOCKS = YES;
				GCC_WARN_64_TO_32_BIT_CONVERSION = YES;
				GCC_WARN_ABOUT_RETURN_TYPE = YES_ERROR;
				GCC_WARN_UNDECLARED_SELECTOR = YES;
				GCC_WARN_UNINITIALIZED_AUTOS = YES_AGGRESSIVE;
				GCC_WARN_UNUSED_FUNCTION = YES;
				GCC_WARN_UNUSED_VARIABLE = YES;
				IPHONEOS_DEPLOYMENT_TARGET = 14.4;
				MTL_ENABLE_DEBUG_INFO = NO;
				MTL_FAST_MATH = YES;
				SDKROOT = iphoneos;
				SWIFT_COMPILATION_MODE = wholemodule;
				SWIFT_OPTIMIZATION_LEVEL = "-O";
				VALIDATE_PRODUCT = YES;
			};
			name = Release;
		};
		D4A925F62634B4B3008E5960 /* Debug */ = {
			isa = XCBuildConfiguration;
			buildSettings = {
				ASSETCATALOG_COMPILER_APPICON_NAME = AppIcon;
				ASSETCATALOG_COMPILER_GLOBAL_ACCENT_COLOR_NAME = AccentColor;
				CODE_SIGN_STYLE = Automatic;
				DEVELOPMENT_TEAM = U8UWB3WQCD;
				INFOPLIST_FILE = "Side menu/Info.plist";
				LD_RUNPATH_SEARCH_PATHS = (
					"$(inherited)",
					"@executable_path/Frameworks",
				);
				PRODUCT_BUNDLE_IDENTIFIER = "by.paulshark.Side-menu";
				PRODUCT_NAME = "$(TARGET_NAME)";
				SWIFT_VERSION = 5.0;
				TARGETED_DEVICE_FAMILY = "1,2";
			};
			name = Debug;
		};
		D4A925F72634B4B3008E5960 /* Release */ = {
			isa = XCBuildConfiguration;
			buildSettings = {
				ASSETCATALOG_COMPILER_APPICON_NAME = AppIcon;
				ASSETCATALOG_COMPILER_GLOBAL_ACCENT_COLOR_NAME = AccentColor;
				CODE_SIGN_STYLE = Automatic;
				DEVELOPMENT_TEAM = U8UWB3WQCD;
				INFOPLIST_FILE = "Side menu/Info.plist";
				LD_RUNPATH_SEARCH_PATHS = (
					"$(inherited)",
					"@executable_path/Frameworks",
				);
				PRODUCT_BUNDLE_IDENTIFIER = "by.paulshark.Side-menu";
				PRODUCT_NAME = "$(TARGET_NAME)";
				SWIFT_VERSION = 5.0;
				TARGETED_DEVICE_FAMILY = "1,2";
			};
			name = Release;
		};
/* End XCBuildConfiguration section */

/* Begin XCConfigurationList section */
		D4A925DC2634B4B3008E5960 /* Build configuration list for PBXProject "Side menu" */ = {
			isa = XCConfigurationList;
			buildConfigurations = (
				D4A925F32634B4B3008E5960 /* Debug */,
				D4A925F42634B4B3008E5960 /* Release */,
			);
			defaultConfigurationIsVisible = 0;
			defaultConfigurationName = Release;
		};
		D4A925F52634B4B3008E5960 /* Build configuration list for PBXNativeTarget "Side menu" */ = {
			isa = XCConfigurationList;
			buildConfigurations = (
				D4A925F62634B4B3008E5960 /* Debug */,
				D4A925F72634B4B3008E5960 /* Release */,
			);
			defaultConfigurationIsVisible = 0;
			defaultConfigurationName = Release;
		};
/* End XCConfigurationList section */
	};
	rootObject = D4A925D92634B4B3008E5960 /* Project object */;
}
